{
  "name": "pi-agent-browser",
  "version": "0.1.0",
  "lockfileVersion": 3,
  "requires": true,
  "packages": {
    "": {
      "name": "pi-agent-browser",
      "version": "0.1.0",
      "dependencies": {
        "agent-browser": "^0.1.0"
      }
    },
    "node_modules/agent-browser": {
      "version": "0.1.3",
      "resolved": "https://registry.npmjs.org/agent-browser/-/agent-browser-0.1.3.tgz",
      "integrity": "sha512-NX69vKjlL9ifRY/Ha6EArGSJTWBfp9l20IXRD45mtxY2u1eza/5J7j9SiH8GUXhcBcFVuvQHRhiIFBghCIncQQ==",
      "hasInstallScript": true,
      "license": "Apache-2.0",
      "dependencies": {
        "playwright-core": "^1.40.0",
        "zod": "^3.22.4"
      },
      "bin": {
        "agent-browser": "bin/agent-browser"
      }
    },
    "node_modules/playwright-core": {
      "version": "1.61.1",
      "resolved": "https://registry.npmjs.org/playwright-core/-/playwright-core-1.61.1.tgz",
      "integrity": "sha512-h7Qlt6m4REp25qvIdvbDtVmD4LqVXfpRxhORv9L0jzETM05p4fuPJ3dKyuSXQxDSbXnmS79HAgi9589lGSpLkg==",
      "license": "Apache-2.0",
      "bin": {
        "playwright-core": "cli.js"
      },
      "engines": {
        "node": ">=18"
      }
    },
    "node_modules/zod": {
      "version": "3.25.76",
      "resolved": "https://registry.npmjs.org/zod/-/zod-3.25.76.tgz",
      "integrity": "sha512-gzUt/qt81nXsFGKIFcC3YnfEAx5NkunCfnDlvuBSSFS02bcXu4Lmea0AFIUwbLWxWPx3d9p8S5QoaujKcNQxcQ==",
      "license": "MIT",
      "funding": {
        "url": "https://github.com/sponsors/colinhacks"
      }
    }
  }
}
